
Microsoft Visual Studio Solution File, Format Version 12.00
# Visual Studio Version 17
VisualStudioVersion = 17.12.35707.178
MinimumVisualStudioVersion = 10.0.40219.1
Project("{FAE04EC0-301F-11D3-BF4B-00C04F79EFBC}") = "Kayno.AI.Studio", "Kayno.AI.Studio\Kayno.AI.Studio.csproj", "{80386717-6D91-4551-B8B2-11F9B3C27AF5}"
EndProject
Project("{2150E333-8FDC-42A3-9474-1A3956D46DE8}") = "ソリューション項目", "ソリューション項目", "{A18C4291-9088-4422-A949-0FEF66A58189}"
	ProjectSection(SolutionItems) = preProject
		LICENSE.txt = LICENSE.txt
		README.en-US.md = README.en-US.md
		README.md = README.md
	EndProjectSection
EndProject
Global
	GlobalSection(SolutionConfigurationPlatforms) = preSolution
		Debug|Any CPU = Debug|Any CPU
		Debug|ARM64 = Debug|ARM64
		Debug|x64 = Debug|x64
		Debug|x86 = Debug|x86
		Release|Any CPU = Release|Any CPU
		Release|ARM64 = Release|ARM64
		Release|x64 = Release|x64
		Release|x86 = Release|x86
	EndGlobalSection
	GlobalSection(ProjectConfigurationPlatforms) = postSolution
		{80386717-6D91-4551-B8B2-11F9B3C27AF5}.Debug|Any CPU.ActiveCfg = Debug|Any CPU
		{80386717-6D91-4551-B8B2-11F9B3C27AF5}.Debug|Any CPU.Build.0 = Debug|Any CPU
		{80386717-6D91-4551-B8B2-11F9B3C27AF5}.Debug|ARM64.ActiveCfg = Debug|Any CPU
		{80386717-6D91-4551-B8B2-11F9B3C27AF5}.Debug|ARM64.Build.0 = Debug|Any CPU
		{80386717-6D91-4551-B8B2-11F9B3C27AF5}.Debug|x64.ActiveCfg = Debug|Any CPU
		{80386717-6D91-4551-B8B2-11F9B3C27AF5}.Debug|x64.Build.0 = Debug|Any CPU
		{80386717-6D91-4551-B8B2-11F9B3C27AF5}.Debug|x86.ActiveCfg = Debug|Any CPU
		{80386717-6D91-4551-B8B2-11F9B3C27AF5}.Debug|x86.Build.0 = Debug|Any CPU
		{80386717-6D91-4551-B8B2-11F9B3C27AF5}.Release|Any CPU.ActiveCfg = Release|Any CPU
		{80386717-6D91-4551-B8B2-11F9B3C27AF5}.Release|Any CPU.Build.0 = Release|Any CPU
		{80386717-6D91-4551-B8B2-11F9B3C27AF5}.Release|ARM64.ActiveCfg = Release|Any CPU
		{80386717-6D91-4551-B8B2-11F9B3C27AF5}.Release|ARM64.Build.0 = Release|Any CPU
		{80386717-6D91-4551-B8B2-11F9B3C27AF5}.Release|x64.ActiveCfg = Release|Any CPU
		{80386717-6D91-4551-B8B2-11F9B3C27AF5}.Release|x64.Build.0 = Release|Any CPU
		{80386717-6D91-4551-B8B2-11F9B3C27AF5}.Release|x86.ActiveCfg = Release|Any CPU
		{80386717-6D91-4551-B8B2-11F9B3C27AF5}.Release|x86.Build.0 = Release|Any CPU
	EndGlobalSection
	GlobalSection(SolutionProperties) = preSolution
		HideSolutionNode = FALSE
	EndGlobalSection
EndGlobal
